{
  "name": "isolated-vm-tests",
  "version": "1.0.0",
  "lockfileVersion": 2,
  "requires": true,
  "packages": {
    "": {
      "name": "isolated-vm-tests",
      "version": "1.0.0",
      "license": "ISC",
      "dependencies": {
        "isolated-vm": "^4.4.1"
      }
    },
    "node_modules/isolated-vm": {
      "version": "4.4.1",
      "resolved": "https://registry.npmjs.org/isolated-vm/-/isolated-vm-4.4.1.tgz",
      "integrity": "sha512-5aDwxQGm78vHS+qJeUli2ILroG7OS/k3D/Mc0kcT9vyujiL4bV7PYYix1mAvuBm3v44nz2qcfAOqgAbhuACc/w==",
      "hasInstallScript": true,
      "engines": {
        "node": ">=10.4.0"
      }
    }
  },
  "dependencies": {
    "isolated-vm": {
      "version": "4.4.1",
      "resolved": "https://registry.npmjs.org/isolated-vm/-/isolated-vm-4.4.1.tgz",
      "integrity": "sha512-5aDwxQGm78vHS+qJeUli2ILroG7OS/k3D/Mc0kcT9vyujiL4bV7PYYix1mAvuBm3v44nz2qcfAOqgAbhuACc/w=="
    }
  }
}
